schema: '2.0'
stages:
  scrape:
    cmd: "pip install -r services/scraper/requirements.txt \nplaywright install --with-deps
      chromium\npython services/scraper/main.py --title_per_page 20 --max_pages 50\n"
    deps:
    - path: services/scraper/main.py
      hash: md5
      md5: 60e2a0cff11519b4b86e273f9ca5b6a3
      size: 1498
    - path: services/scraper/requirements.txt
      hash: md5
      md5: 90cda10eecbee617761834b7ddc79834
      size: 54
    - path: services/scraper/scraping.py
      hash: md5
      md5: 58c87162e1cbb504d5106f44f81c8c44
      size: 8903
    outs:
    - path: data/raw/
      hash: md5
      md5: ab7ad0ca3705dc92bc066400127702ab.dir
      size: 2154625
      nfiles: 1
  preprocess:
    cmd: "pip install -r services/preprocessor/requirements.txt \npython services/preprocessor/main.py
      --input data/raw/mit_scraped_1000.json --output data/processed/data_preprocessed.json\n"
    deps:
    - path: data/raw/
      hash: md5
      md5: ab7ad0ca3705dc92bc066400127702ab.dir
      size: 2154625
      nfiles: 1
    - path: services/preprocessor/main.py
      hash: md5
      md5: 650ea99763312f01709b55f495f888dc
      size: 1874
    - path: services/preprocessor/preprocessing.py
      hash: md5
      md5: 4c45b1effe08fc92314185257f731e6e
      size: 5137
    - path: services/preprocessor/requirements.txt
      hash: md5
      md5: 2f09e83b9edb7452737c7501a16f06fe
      size: 65
    outs:
    - path: data/processed/
      hash: md5
      md5: 14bd43697632a387baf69efe0002b26f.dir
      size: 1616563
      nfiles: 1
  train:
    cmd: "pip install -r services/trainer/requirements.txt \npython services/trainer/main.py\n"
    deps:
    - path: data/processed/
      hash: md5
      md5: 14bd43697632a387baf69efe0002b26f.dir
      size: 1616563
      nfiles: 1
    - path: services/trainer/bert.py
      hash: md5
      md5: fd1a4ef4d576ee85230e4cdf9c74b987
      size: 5749
    - path: services/trainer/main.py
      hash: md5
      md5: 0651e7b2fba2549b2bbcb80844a5c8a9
      size: 3735
    - path: services/trainer/requirements.txt
      hash: md5
      md5: 3225b2141f1d8aca1d5239acb5ffba85
      size: 95
    outs:
    - path: runs/
      hash: md5
      md5: b256637e7c5ba0bdd2b9769df338e2e8.dir
      size: 280518335
      nfiles: 15
