schema: '2.0'
stages:
  scrape:
    cmd: "pip install -r services/scraper/requirements.txt \nplaywright install --with-deps
      chromium\npython services/scraper/main.py --title_per_page 10 --max_pages 10\n"
    deps:
    - path: services/scraper/main.py
      hash: md5
      md5: 9582585d0e662e9801e5a0cc4d7125ab
      size: 1228
    - path: services/scraper/requirements.txt
      hash: md5
      md5: 53c33857d70d71508784de4232a144d7
      size: 36
    - path: services/scraper/scraping.py
      hash: md5
      md5: a6dc81cfbbaddc027c56f67f648a79ab
      size: 8579
    outs:
    - path: data/raw/
      hash: md5
      md5: d12b14fae80656bec60751cdd73fecdf.dir
      size: 189281
      nfiles: 1
  preprocess:
    cmd: "pip install -r services/preprocessor/requirements.txt \npython services/preprocessor/main.py
      --input data/raw/mit_scraped_100.json --output data/processed/data_preprocessed.json\n"
    deps:
    - path: data/raw/
      hash: md5
      md5: d12b14fae80656bec60751cdd73fecdf.dir
      size: 189281
      nfiles: 1
    - path: services/preprocessor/main.py
      hash: md5
      md5: 1b574c1c00699b26bf69af344cc0ada2
      size: 1604
    - path: services/preprocessor/preprocessing.py
      hash: md5
      md5: 08a103ffe78a4cec7250e28bf06c577c
      size: 4726
    - path: services/preprocessor/requirements.txt
      hash: md5
      md5: d4504d76299ea9bca20d60aac79e60ea
      size: 46
    outs:
    - path: data/processed/
      hash: md5
      md5: b404341e3a77bab48b7f28f76ea03377.dir
      size: 141340
      nfiles: 1
  train:
    cmd: "pip install -r services/trainer/requirements.txt \npython services/trainer/main.py\n"
    deps:
    - path: data/processed/
      hash: md5
      md5: b404341e3a77bab48b7f28f76ea03377.dir
      size: 141340
      nfiles: 1
    - path: services/trainer/bert.py
      hash: md5
      md5: fd1a4ef4d576ee85230e4cdf9c74b987
      size: 5749
    - path: services/trainer/main.py
      hash: md5
      md5: 0651e7b2fba2549b2bbcb80844a5c8a9
      size: 3735
    - path: services/trainer/requirements.txt
      hash: md5
      md5: 4e0989369c6125d47e8b5c8a37220ae3
      size: 79
    outs:
    - path: runs/
      hash: md5
      md5: ebfae897a98594d12ccdf8af43114182.dir
      size: 275238642
      nfiles: 15
